
Microsoft Visual Studio Solution File, Format Version 12.00
# Visual Studio Version 17
VisualStudioVersion = 17.6.33829.357
MinimumVisualStudioVersion = 10.0.40219.1
Project("{FAE04EC0-301F-11D3-BF4B-00C04F79EFBC}") = "CapaPresentacion", "CapaPresentacion\CapaPresentacion.csproj", "{AFA91BA1-2913-4F39-AE4C-FEE3E994231F}"
EndProject
Project("{FAE04EC0-301F-11D3-BF4B-00C04F79EFBC}") = "CapaDatos", "CapaDatos\CapaDatos.csproj", "{C70E7BAA-8D60-44FF-B3CE-D3A527F1B7D5}"
EndProject
Project("{FAE04EC0-301F-11D3-BF4B-00C04F79EFBC}") = "CapaEntidad", "CapaEntidad\CapaEntidad.csproj", "{C0F99A89-ABA6-4A96-A0E4-35D3471AA9AF}"
EndProject
Project("{FAE04EC0-301F-11D3-BF4B-00C04F79EFBC}") = "CapaNegocio", "CapaNegocio\CapaNegocio.csproj", "{54F0E62B-8F7F-4069-9AE5-201D639352AE}"
EndProject
Global
	GlobalSection(SolutionConfigurationPlatforms) = preSolution
		Debug|Any CPU = Debug|Any CPU
		Release|Any CPU = Release|Any CPU
	EndGlobalSection
	GlobalSection(ProjectConfigurationPlatforms) = postSolution
		{AFA91BA1-2913-4F39-AE4C-FEE3E994231F}.Debug|Any CPU.ActiveCfg = Debug|Any CPU
		{AFA91BA1-2913-4F39-AE4C-FEE3E994231F}.Debug|Any CPU.Build.0 = Debug|Any CPU
		{AFA91BA1-2913-4F39-AE4C-FEE3E994231F}.Release|Any CPU.ActiveCfg = Release|Any CPU
		{AFA91BA1-2913-4F39-AE4C-FEE3E994231F}.Release|Any CPU.Build.0 = Release|Any CPU
		{C70E7BAA-8D60-44FF-B3CE-D3A527F1B7D5}.Debug|Any CPU.ActiveCfg = Debug|Any CPU
		{C70E7BAA-8D60-44FF-B3CE-D3A527F1B7D5}.Debug|Any CPU.Build.0 = Debug|Any CPU
		{C70E7BAA-8D60-44FF-B3CE-D3A527F1B7D5}.Release|Any CPU.ActiveCfg = Release|Any CPU
		{C70E7BAA-8D60-44FF-B3CE-D3A527F1B7D5}.Release|Any CPU.Build.0 = Release|Any CPU
		{C0F99A89-ABA6-4A96-A0E4-35D3471AA9AF}.Debug|Any CPU.ActiveCfg = Debug|Any CPU
		{C0F99A89-ABA6-4A96-A0E4-35D3471AA9AF}.Debug|Any CPU.Build.0 = Debug|Any CPU
		{C0F99A89-ABA6-4A96-A0E4-35D3471AA9AF}.Release|Any CPU.ActiveCfg = Release|Any CPU
		{C0F99A89-ABA6-4A96-A0E4-35D3471AA9AF}.Release|Any CPU.Build.0 = Release|Any CPU
		{54F0E62B-8F7F-4069-9AE5-201D639352AE}.Debug|Any CPU.ActiveCfg = Debug|Any CPU
		{54F0E62B-8F7F-4069-9AE5-201D639352AE}.Debug|Any CPU.Build.0 = Debug|Any CPU
		{54F0E62B-8F7F-4069-9AE5-201D639352AE}.Release|Any CPU.ActiveCfg = Release|Any CPU
		{54F0E62B-8F7F-4069-9AE5-201D639352AE}.Release|Any CPU.Build.0 = Release|Any CPU
	EndGlobalSection
	GlobalSection(SolutionProperties) = preSolution
		HideSolutionNode = FALSE
	EndGlobalSection
	GlobalSection(ExtensibilityGlobals) = postSolution
		SolutionGuid = {326A27AD-A629-4E39-9B1E-2501B77AE423}
	EndGlobalSection
EndGlobal
